
Microsoft Visual Studio Solution File, Format Version 12.00
# Visual Studio Version 16
VisualStudioVersion = 25.0.1705.2
MinimumVisualStudioVersion = 10.0.40219.1
Project("{FAE04EC0-301F-11D3-BF4B-00C04F79EFBC}") = "Generic", "Generic\Generic.csproj", "{3116693E-0D40-4CF6-9A25-92AADFC427E2}"
EndProject
Global
	GlobalSection(SolutionConfigurationPlatforms) = preSolution
		Debug|Any CPU = Debug|Any CPU
		Release|Any CPU = Release|Any CPU
	EndGlobalSection
	GlobalSection(ProjectConfigurationPlatforms) = postSolution
		{3116693E-0D40-4CF6-9A25-92AADFC427E2}.Debug|Any CPU.ActiveCfg = Debug|Any CPU
		{3116693E-0D40-4CF6-9A25-92AADFC427E2}.Debug|Any CPU.Build.0 = Debug|Any CPU
		{3116693E-0D40-4CF6-9A25-92AADFC427E2}.Release|Any CPU.ActiveCfg = Release|Any CPU
		{3116693E-0D40-4CF6-9A25-92AADFC427E2}.Release|Any CPU.Build.0 = Release|Any CPU
	EndGlobalSection
	GlobalSection(SolutionProperties) = preSolution
		HideSolutionNode = FALSE
	EndGlobalSection
	GlobalSection(ExtensibilityGlobals) = postSolution
		SolutionGuid = {5D3E10B0-A12D-4076-8E3A-75954BAD581C}
	EndGlobalSection
EndGlobal
